
Microsoft Visual Studio Solution File, Format Version 12.00
# Visual Studio Version 17
VisualStudioVersion = 17.7.34024.191
MinimumVisualStudioVersion = 10.0.40219.1
Project("{9A19103F-16F7-4668-BE54-9A1E7A4F7556}") = "AstroManagerApi", "AstroManagerApi\AstroManagerApi.csproj", "{2D1CAE68-979F-4ACC-B504-D07DA6491B70}"
EndProject
Project("{9A19103F-16F7-4668-BE54-9A1E7A4F7556}") = "AstroManagerApi.Library", "AstroManagerApi.Library\AstroManagerApi.Library.csproj", "{B3768046-3530-40D8-B178-8B4CA6CE6439}"
EndProject
Project("{2150E333-8FDC-42A3-9474-1A3956D46DE8}") = "Server", "Server", "{E1553220-6A55-40E2-B961-D27445CAB5C0}"
EndProject
Project("{00D1A9C2-B5F0-4AF3-8072-F6C62B433612}") = "AstroManagerData", "AstroManagerData\AstroManagerData.sqlproj", "{78859D1B-4B6E-46C6-8116-637B4870B8B1}"
EndProject
Project("{2150E333-8FDC-42A3-9474-1A3956D46DE8}") = "Client", "Client", "{6C252B95-42FB-4F58-8A4B-9B2FA55DDA00}"
EndProject
Project("{FAE04EC0-301F-11D3-BF4B-00C04F79EFBC}") = "AstroManagerClient", "AstroManagerClient\AstroManagerClient.csproj", "{7A0BE6EB-7E80-48F5-B404-806D872257E1}"
EndProject
Global
	GlobalSection(SolutionConfigurationPlatforms) = preSolution
		Debug|Any CPU = Debug|Any CPU
		Release|Any CPU = Release|Any CPU
	EndGlobalSection
	GlobalSection(ProjectConfigurationPlatforms) = postSolution
		{2D1CAE68-979F-4ACC-B504-D07DA6491B70}.Debug|Any CPU.ActiveCfg = Debug|Any CPU
		{2D1CAE68-979F-4ACC-B504-D07DA6491B70}.Debug|Any CPU.Build.0 = Debug|Any CPU
		{2D1CAE68-979F-4ACC-B504-D07DA6491B70}.Release|Any CPU.ActiveCfg = Release|Any CPU
		{2D1CAE68-979F-4ACC-B504-D07DA6491B70}.Release|Any CPU.Build.0 = Release|Any CPU
		{B3768046-3530-40D8-B178-8B4CA6CE6439}.Debug|Any CPU.ActiveCfg = Debug|Any CPU
		{B3768046-3530-40D8-B178-8B4CA6CE6439}.Debug|Any CPU.Build.0 = Debug|Any CPU
		{B3768046-3530-40D8-B178-8B4CA6CE6439}.Release|Any CPU.ActiveCfg = Release|Any CPU
		{B3768046-3530-40D8-B178-8B4CA6CE6439}.Release|Any CPU.Build.0 = Release|Any CPU
		{78859D1B-4B6E-46C6-8116-637B4870B8B1}.Debug|Any CPU.ActiveCfg = Debug|Any CPU
		{78859D1B-4B6E-46C6-8116-637B4870B8B1}.Debug|Any CPU.Build.0 = Debug|Any CPU
		{78859D1B-4B6E-46C6-8116-637B4870B8B1}.Debug|Any CPU.Deploy.0 = Debug|Any CPU
		{78859D1B-4B6E-46C6-8116-637B4870B8B1}.Release|Any CPU.ActiveCfg = Release|Any CPU
		{78859D1B-4B6E-46C6-8116-637B4870B8B1}.Release|Any CPU.Build.0 = Release|Any CPU
		{78859D1B-4B6E-46C6-8116-637B4870B8B1}.Release|Any CPU.Deploy.0 = Release|Any CPU
		{7A0BE6EB-7E80-48F5-B404-806D872257E1}.Debug|Any CPU.ActiveCfg = Debug|Any CPU
		{7A0BE6EB-7E80-48F5-B404-806D872257E1}.Debug|Any CPU.Build.0 = Debug|Any CPU
		{7A0BE6EB-7E80-48F5-B404-806D872257E1}.Debug|Any CPU.Deploy.0 = Debug|Any CPU
		{7A0BE6EB-7E80-48F5-B404-806D872257E1}.Release|Any CPU.ActiveCfg = Release|Any CPU
		{7A0BE6EB-7E80-48F5-B404-806D872257E1}.Release|Any CPU.Build.0 = Release|Any CPU
		{7A0BE6EB-7E80-48F5-B404-806D872257E1}.Release|Any CPU.Deploy.0 = Release|Any CPU
	EndGlobalSection
	GlobalSection(SolutionProperties) = preSolution
		HideSolutionNode = FALSE
	EndGlobalSection
	GlobalSection(NestedProjects) = preSolution
		{2D1CAE68-979F-4ACC-B504-D07DA6491B70} = {E1553220-6A55-40E2-B961-D27445CAB5C0}
		{B3768046-3530-40D8-B178-8B4CA6CE6439} = {E1553220-6A55-40E2-B961-D27445CAB5C0}
		{78859D1B-4B6E-46C6-8116-637B4870B8B1} = {E1553220-6A55-40E2-B961-D27445CAB5C0}
		{7A0BE6EB-7E80-48F5-B404-806D872257E1} = {6C252B95-42FB-4F58-8A4B-9B2FA55DDA00}
	EndGlobalSection
	GlobalSection(ExtensibilityGlobals) = postSolution
		SolutionGuid = {0BF9B74D-BEFA-4E15-8EBE-0EA97D12CD6B}
	EndGlobalSection
EndGlobal
